
Microsoft Visual Studio Solution File, Format Version 12.00
# Visual Studio Version 17
VisualStudioVersion = 17.2.32602.215
MinimumVisualStudioVersion = 10.0.40219.1
Project("{9A19103F-16F7-4668-BE54-9A1E7A4F7556}") = "ByteBank.SistemaAgencia", "ByteBank.SistemaAgencia\ByteBank.SistemaAgencia.csproj", "{3EA8E142-7211-4F8E-891D-A7CAAD9EB9D7}"
EndProject
Project("{9A19103F-16F7-4668-BE54-9A1E7A4F7556}") = "ByteBank.Modelos", "ByteBank.Modelos\ByteBank.Modelos.csproj", "{51487EF3-D8FD-46DE-B262-62616F2AD462}"
EndProject
Project("{FAE04EC0-301F-11D3-BF4B-00C04F79EFBC}") = "ByteBank.ImportacaoExportacao", "ByteBank.ImportacaoExportacao\ByteBank.ImportacaoExportacao.csproj", "{BBD90EBE-A62C-4CA1-A388-E6C789AC1918}"
EndProject
Global
	GlobalSection(SolutionConfigurationPlatforms) = preSolution
		Debug|Any CPU = Debug|Any CPU
		Release|Any CPU = Release|Any CPU
	EndGlobalSection
	GlobalSection(ProjectConfigurationPlatforms) = postSolution
		{3EA8E142-7211-4F8E-891D-A7CAAD9EB9D7}.Debug|Any CPU.ActiveCfg = Debug|Any CPU
		{3EA8E142-7211-4F8E-891D-A7CAAD9EB9D7}.Debug|Any CPU.Build.0 = Debug|Any CPU
		{3EA8E142-7211-4F8E-891D-A7CAAD9EB9D7}.Release|Any CPU.ActiveCfg = Release|Any CPU
		{3EA8E142-7211-4F8E-891D-A7CAAD9EB9D7}.Release|Any CPU.Build.0 = Release|Any CPU
		{51487EF3-D8FD-46DE-B262-62616F2AD462}.Debug|Any CPU.ActiveCfg = Debug|Any CPU
		{51487EF3-D8FD-46DE-B262-62616F2AD462}.Debug|Any CPU.Build.0 = Debug|Any CPU
		{51487EF3-D8FD-46DE-B262-62616F2AD462}.Release|Any CPU.ActiveCfg = Release|Any CPU
		{51487EF3-D8FD-46DE-B262-62616F2AD462}.Release|Any CPU.Build.0 = Release|Any CPU
		{BBD90EBE-A62C-4CA1-A388-E6C789AC1918}.Debug|Any CPU.ActiveCfg = Debug|Any CPU
		{BBD90EBE-A62C-4CA1-A388-E6C789AC1918}.Debug|Any CPU.Build.0 = Debug|Any CPU
		{BBD90EBE-A62C-4CA1-A388-E6C789AC1918}.Release|Any CPU.ActiveCfg = Release|Any CPU
		{BBD90EBE-A62C-4CA1-A388-E6C789AC1918}.Release|Any CPU.Build.0 = Release|Any CPU
	EndGlobalSection
	GlobalSection(SolutionProperties) = preSolution
		HideSolutionNode = FALSE
	EndGlobalSection
	GlobalSection(ExtensibilityGlobals) = postSolution
		SolutionGuid = {6CF69CDC-B9DD-4941-97A9-BF2F08394AA5}
	EndGlobalSection
EndGlobal
